
Microsoft Visual Studio Solution File, Format Version 12.00
# Visual Studio 15
VisualStudioVersion = 15.0.27004.2009
MinimumVisualStudioVersion = 10.0.40219.1
Project("{FAE04EC0-301F-11D3-BF4B-00C04F79EFBC}") = "ObscureWare.BuildCmdlets", "ObscureWare.BuildCmdlets\ObscureWare.BuildCmdlets.csproj", "{67937165-3C6A-41E7-AD5C-F7A83952487C}"
EndProject
Project("{FAE04EC0-301F-11D3-BF4B-00C04F79EFBC}") = "ObscureWare.BuildCmdlets.Tests", "ObscureWare.BuildCmdlets.Tests\ObscureWare.BuildCmdlets.Tests.csproj", "{59ADDD68-E133-41DC-8EBA-B598A76954AF}"
EndProject
Global
	GlobalSection(SolutionConfigurationPlatforms) = preSolution
		Debug|Any CPU = Debug|Any CPU
		Release|Any CPU = Release|Any CPU
	EndGlobalSection
	GlobalSection(ProjectConfigurationPlatforms) = postSolution
		{67937165-3C6A-41E7-AD5C-F7A83952487C}.Debug|Any CPU.ActiveCfg = Debug|Any CPU
		{67937165-3C6A-41E7-AD5C-F7A83952487C}.Debug|Any CPU.Build.0 = Debug|Any CPU
		{67937165-3C6A-41E7-AD5C-F7A83952487C}.Release|Any CPU.ActiveCfg = Release|Any CPU
		{67937165-3C6A-41E7-AD5C-F7A83952487C}.Release|Any CPU.Build.0 = Release|Any CPU
		{59ADDD68-E133-41DC-8EBA-B598A76954AF}.Debug|Any CPU.ActiveCfg = Debug|Any CPU
		{59ADDD68-E133-41DC-8EBA-B598A76954AF}.Debug|Any CPU.Build.0 = Debug|Any CPU
		{59ADDD68-E133-41DC-8EBA-B598A76954AF}.Release|Any CPU.ActiveCfg = Release|Any CPU
		{59ADDD68-E133-41DC-8EBA-B598A76954AF}.Release|Any CPU.Build.0 = Release|Any CPU
	EndGlobalSection
	GlobalSection(SolutionProperties) = preSolution
		HideSolutionNode = FALSE
	EndGlobalSection
	GlobalSection(ExtensibilityGlobals) = postSolution
		SolutionGuid = {BDC4CEC8-C4FF-40EA-9CC5-F74CF9E2C61D}
	EndGlobalSection
EndGlobal
